{
  "name": "llm-document-workflow",
  "version": "0.1.0",
  "lockfileVersion": 3,
  "requires": true,
  "packages": {
    "": {
      "name": "llm-document-workflow",
      "version": "0.1.0",
      "license": "Apache-2.0",
      "dependencies": {
        "best-effort-json-parser": "^1.4.1",
        "jsonrepair": "^3.14.0",
        "partial-json": "^0.1.7"
      }
    },
    "node_modules/best-effort-json-parser": {
      "version": "1.4.1",
      "resolved": "https://registry.npmjs.org/best-effort-json-parser/-/best-effort-json-parser-1.4.1.tgz",
      "integrity": "sha512-1e2yvg4LieOlqDw7rAOvHetMJeJ2sGezLX/2Ma0oykFd8TMfMxdDBzNUXjISPeMZAHe5CCvPRJtHmISoTC6MsA==",
      "license": "BSD-2-Clause"
    },
    "node_modules/jsonrepair": {
      "version": "3.14.0",
      "resolved": "https://registry.npmjs.org/jsonrepair/-/jsonrepair-3.14.0.tgz",
      "integrity": "sha512-tWPGKMZf/8UPim+fcW2EfcQ/d/7aKUrP6IECz9G3Tu6Q5dX0orSleqJ9z6sSw7qrQkjF8/Edo4DvsWBZ8H+HNg==",
      "license": "ISC",
      "bin": {
        "jsonrepair": "bin/cli.js"
      }
    },
    "node_modules/partial-json": {
      "version": "0.1.7",
      "resolved": "https://registry.npmjs.org/partial-json/-/partial-json-0.1.7.tgz",
      "integrity": "sha512-Njv/59hHaokb/hRUjce3Hdv12wd60MtM9Z5Olmn+nehe0QDAsRtRbJPvJ0Z91TusF0SuZRIvnM+S4l6EIP8leA==",
      "license": "MIT"
    }
  }
}
